
Microsoft Visual Studio Solution File, Format Version 12.00
# Visual Studio Version 16
VisualStudioVersion = 16.0.31702.278
MinimumVisualStudioVersion = 10.0.40219.1
Project("{FAE04EC0-301F-11D3-BF4B-00C04F79EFBC}") = "qubic-miner-helper-server", "qubic-miner-helper-server\qubic-miner-helper-server.csproj", "{D16D6B36-2FC2-49C7-9D95-CACC030F5CED}"
EndProject
Global
	GlobalSection(SolutionConfigurationPlatforms) = preSolution
		Debug|Any CPU = Debug|Any CPU
		Release|Any CPU = Release|Any CPU
	EndGlobalSection
	GlobalSection(ProjectConfigurationPlatforms) = postSolution
		{D16D6B36-2FC2-49C7-9D95-CACC030F5CED}.Debug|Any CPU.ActiveCfg = Debug|Any CPU
		{D16D6B36-2FC2-49C7-9D95-CACC030F5CED}.Debug|Any CPU.Build.0 = Debug|Any CPU
		{D16D6B36-2FC2-49C7-9D95-CACC030F5CED}.Release|Any CPU.ActiveCfg = Release|Any CPU
		{D16D6B36-2FC2-49C7-9D95-CACC030F5CED}.Release|Any CPU.Build.0 = Release|Any CPU
	EndGlobalSection
	GlobalSection(SolutionProperties) = preSolution
		HideSolutionNode = FALSE
	EndGlobalSection
	GlobalSection(ExtensibilityGlobals) = postSolution
		SolutionGuid = {E9D2E14C-5DB5-4EA1-AD7F-3EA850FFD035}
	EndGlobalSection
EndGlobal
